
Microsoft Visual Studio Solution File, Format Version 12.00
# Visual Studio 15
VisualStudioVersion = 15.0.27703.2000
MinimumVisualStudioVersion = 10.0.40219.1
Project("{FAE04EC0-301F-11D3-BF4B-00C04F79EFBC}") = "DearWalletWeb", "DearWalletWeb\DearWalletWeb.csproj", "{59586105-ACCF-40D3-86F9-CD545F2B24DB}"
EndProject
Global
	GlobalSection(SolutionConfigurationPlatforms) = preSolution
		Debug|Any CPU = Debug|Any CPU
		Release|Any CPU = Release|Any CPU
	EndGlobalSection
	GlobalSection(ProjectConfigurationPlatforms) = postSolution
		{59586105-ACCF-40D3-86F9-CD545F2B24DB}.Debug|Any CPU.ActiveCfg = Debug|Any CPU
		{59586105-ACCF-40D3-86F9-CD545F2B24DB}.Debug|Any CPU.Build.0 = Debug|Any CPU
		{59586105-ACCF-40D3-86F9-CD545F2B24DB}.Release|Any CPU.ActiveCfg = Release|Any CPU
		{59586105-ACCF-40D3-86F9-CD545F2B24DB}.Release|Any CPU.Build.0 = Release|Any CPU
	EndGlobalSection
	GlobalSection(SolutionProperties) = preSolution
		HideSolutionNode = FALSE
	EndGlobalSection
	GlobalSection(ExtensibilityGlobals) = postSolution
		SolutionGuid = {FDAF2B2D-64F9-4D34-9518-CAE280E6CFAF}
	EndGlobalSection
EndGlobal
